
Microsoft Visual Studio Solution File, Format Version 12.00
# Visual Studio Version 17
VisualStudioVersion = 17.1.32407.343
MinimumVisualStudioVersion = 10.0.40219.1
Project("{9A19103F-16F7-4668-BE54-9A1E7A4F7556}") = "PetCare", "PetCare\PetCare.csproj", "{6E8B9112-8159-4DBA-89BA-A923D4780750}"
EndProject
Project("{2150E333-8FDC-42A3-9474-1A3956D46DE8}") = "Solution Items", "Solution Items", "{B5D1FC15-EBDE-4E9B-91EC-3E5D2A8D4F77}"
	ProjectSection(SolutionItems) = preProject
		.editorconfig = .editorconfig
	EndProjectSection
EndProject
Global
	GlobalSection(SolutionConfigurationPlatforms) = preSolution
		Debug|Any CPU = Debug|Any CPU
		Release|Any CPU = Release|Any CPU
	EndGlobalSection
	GlobalSection(ProjectConfigurationPlatforms) = postSolution
		{6E8B9112-8159-4DBA-89BA-A923D4780750}.Debug|Any CPU.ActiveCfg = Debug|Any CPU
		{6E8B9112-8159-4DBA-89BA-A923D4780750}.Debug|Any CPU.Build.0 = Debug|Any CPU
		{6E8B9112-8159-4DBA-89BA-A923D4780750}.Release|Any CPU.ActiveCfg = Release|Any CPU
		{6E8B9112-8159-4DBA-89BA-A923D4780750}.Release|Any CPU.Build.0 = Release|Any CPU
	EndGlobalSection
	GlobalSection(SolutionProperties) = preSolution
		HideSolutionNode = FALSE
	EndGlobalSection
	GlobalSection(ExtensibilityGlobals) = postSolution
		SolutionGuid = {5710CCD4-B4B8-4F11-A76C-15715EF565C4}
	EndGlobalSection
EndGlobal
